
Microsoft Visual Studio Solution File, Format Version 12.00
Project("{FAE04EC0-301F-11D3-BF4B-00C04F79EFBC}") = "Alexandra", "Alexandra\Alexandra.csproj", "{B269E43A-1D9B-4562-81A6-3B0993ED201E}"
EndProject
Global
	GlobalSection(SolutionConfigurationPlatforms) = preSolution
		Debug|Any CPU = Debug|Any CPU
		Release|Any CPU = Release|Any CPU
	EndGlobalSection
	GlobalSection(ProjectConfigurationPlatforms) = postSolution
		{B269E43A-1D9B-4562-81A6-3B0993ED201E}.Debug|Any CPU.ActiveCfg = Debug|Any CPU
		{B269E43A-1D9B-4562-81A6-3B0993ED201E}.Debug|Any CPU.Build.0 = Debug|Any CPU
		{B269E43A-1D9B-4562-81A6-3B0993ED201E}.Release|Any CPU.ActiveCfg = Release|Any CPU
		{B269E43A-1D9B-4562-81A6-3B0993ED201E}.Release|Any CPU.Build.0 = Release|Any CPU
	EndGlobalSection
EndGlobal
